
Microsoft Visual Studio Solution File, Format Version 12.00
Project("{FAE04EC0-301F-11D3-BF4B-00C04F79EFBC}") = "NormfallstudieDatenservice", "NormfallstudieDatenservice\NormfallstudieDatenservice.csproj", "{2F69B348-F9A4-4E9F-B4ED-F0D89A4FC25D}"
EndProject
Project("{FAE04EC0-301F-11D3-BF4B-00C04F79EFBC}") = "TestProject1", "TestProject1\TestProject1.csproj", "{8261A060-610B-4980-AE85-EA397B30CE52}"
EndProject
Global
	GlobalSection(SolutionConfigurationPlatforms) = preSolution
		Debug|Any CPU = Debug|Any CPU
		Release|Any CPU = Release|Any CPU
	EndGlobalSection
	GlobalSection(ProjectConfigurationPlatforms) = postSolution
		{2F69B348-F9A4-4E9F-B4ED-F0D89A4FC25D}.Debug|Any CPU.ActiveCfg = Debug|Any CPU
		{2F69B348-F9A4-4E9F-B4ED-F0D89A4FC25D}.Debug|Any CPU.Build.0 = Debug|Any CPU
		{2F69B348-F9A4-4E9F-B4ED-F0D89A4FC25D}.Release|Any CPU.ActiveCfg = Release|Any CPU
		{2F69B348-F9A4-4E9F-B4ED-F0D89A4FC25D}.Release|Any CPU.Build.0 = Release|Any CPU
		{8261A060-610B-4980-AE85-EA397B30CE52}.Debug|Any CPU.ActiveCfg = Debug|Any CPU
		{8261A060-610B-4980-AE85-EA397B30CE52}.Debug|Any CPU.Build.0 = Debug|Any CPU
		{8261A060-610B-4980-AE85-EA397B30CE52}.Release|Any CPU.ActiveCfg = Release|Any CPU
		{8261A060-610B-4980-AE85-EA397B30CE52}.Release|Any CPU.Build.0 = Release|Any CPU
	EndGlobalSection
EndGlobal
